{
  "version": 4,
  "terraform_version": "0.12.31",
  "serial": 30,
  "lineage": "6a9d3f9c-ffc3-9f3e-cee9-83eca6445754",
  "outputs": {},
  "resources": [
    {
      "mode": "data",
      "type": "template_file",
      "name": "webserver_template",
      "provider": "provider.template",
      "instances": [
        {
          "schema_version": 0,
          "attributes": {
            "filename": null,
            "id": "e8e0016b7cd56a9f0e0fa9143907ccb4c4e29e42500b9203bc5717cd2a70f431",
            "rendered": "#!/bin/bash\r\nsudo apt-get remove docker docker-engine docker.io\r\nsudo apt-get update -y\r\nsudo apt-get install apt-transport-https ca-certificates  curl  gnupg lsb-release -y\r\ncurl -fsSL https://download.docker.com/linux/ubuntu/gpg | sudo gpg --dearmor -o /usr/share/keyrings/docker-archive-keyring.gpg\r\necho \"deb [arch=amd64 signed-by=/usr/share/keyrings/docker-archive-keyring.gpg] https://download.docker.com/linux/ubuntu $(lsb_release -cs) stable\" | sudo tee /etc/apt/sources.list.d/docker.list \u003e /dev/null\r\nsudo apt-get update\r\nsudo apt-get install docker-ce -y\r\nsudo docker container run hello-world\r\nsudo docker info\r\nsudo systemctl start docker\r\nsudo mkdir mywebserver2\r\ncd mywebserver2\r\nsudo bash -c 'cat \u003c\u003cEOT \u003e\u003e test.html\r\n\u003c!doctype html\u003e\r\n\u003chtml lang=\"en\"\u003e\r\n\u003chead\u003e\r\n \u003cmeta charset=\"utf-8\"\u003e\r\n \u003ctitle\u003eDocker Apache\u003c/title\u003e\r\n\u003c/head\u003e\r\n\u003cbody\u003e\r\n \u003ch2\u003eHello from Apache Web Server container...\u003c/h2\u003e\r\n\u003c/body\u003e\r\n\u003c/html\u003e\r\nEOT'\r\nsudo bash -c 'cat \u003c\u003cEOT \u003e\u003e Dockerfile\r\nFROM httpd:2.4\r\nCOPY ./test.html /usr/local/apache2/htdocs/\r\nEOT'\r\nsudo docker build -t my-apache2 .\r\nsudo docker run -dit --name my-running-app -p 8080:80 my-apache2\r\nsudo docker container ps\r\ncd ..\r\nsudo curl -L \"https://github.com/docker/compose/releases/download/1.26.0/docker-compose-$(uname -s)-$(uname -m)\" -o /usr/local/bin/docker-compose\r\nsudo chmod +x /usr/local/bin/docker-compose\r\nsudo docker-compose --version\r\nsudo mkdir dk_wordpress\r\ncd dk_wordpress/\r\nsudo bash -c 'cat \u003c\u003cEOT \u003e\u003e docker-compose.yml\r\nversion: \"3.1\"\r\nservices:  \r\n  wordpress:\r\n    depends_on:\r\n      - db\r\n    image: wordpress:latest\r\n    volumes:\r\n      - wordpress_data:/var/www/html\r\n    ports:\r\n      - \"80:80\"\r\n    restart: always\r\n    environment:\r\n      WORDPRESS_DB_HOST: db\r\n      WORDPRESS_DB_USER: wordpress\r\n      WORDPRESS_DB_PASSWORD: wordpress\r\n      WORDPRESS_DB_NAME: wordpress\r\n  db:\r\n    image: mysql:5.7\r\n    volumes:\r\n      - db_data:/var/lib/mysql\r\n    restart: always\r\n    environment:\r\n      MYSQL_ROOT_PASSWORD: somewordpress\r\n      MYSQL_DATABASE: wordpress\r\n      MYSQL_USER: wordpress\r\n      MYSQL_PASSWORD: wordpress  \r\nvolumes:\r\n  db_data: {}\r\n  wordpress_data: {}\r\nEOT'\r\n ",
            "template": "#!/bin/bash\r\nsudo apt-get remove docker docker-engine docker.io\r\nsudo apt-get update -y\r\nsudo apt-get install apt-transport-https ca-certificates  curl  gnupg lsb-release -y\r\ncurl -fsSL https://download.docker.com/linux/ubuntu/gpg | sudo gpg --dearmor -o /usr/share/keyrings/docker-archive-keyring.gpg\r\necho \"deb [arch=amd64 signed-by=/usr/share/keyrings/docker-archive-keyring.gpg] https://download.docker.com/linux/ubuntu $(lsb_release -cs) stable\" | sudo tee /etc/apt/sources.list.d/docker.list \u003e /dev/null\r\nsudo apt-get update\r\nsudo apt-get install docker-ce -y\r\nsudo docker container run hello-world\r\nsudo docker info\r\nsudo systemctl start docker\r\nsudo mkdir mywebserver2\r\ncd mywebserver2\r\nsudo bash -c 'cat \u003c\u003cEOT \u003e\u003e test.html\r\n\u003c!doctype html\u003e\r\n\u003chtml lang=\"en\"\u003e\r\n\u003chead\u003e\r\n \u003cmeta charset=\"utf-8\"\u003e\r\n \u003ctitle\u003eDocker Apache\u003c/title\u003e\r\n\u003c/head\u003e\r\n\u003cbody\u003e\r\n \u003ch2\u003eHello from Apache Web Server container...\u003c/h2\u003e\r\n\u003c/body\u003e\r\n\u003c/html\u003e\r\nEOT'\r\nsudo bash -c 'cat \u003c\u003cEOT \u003e\u003e Dockerfile\r\nFROM httpd:2.4\r\nCOPY ./test.html /usr/local/apache2/htdocs/\r\nEOT'\r\nsudo docker build -t my-apache2 .\r\nsudo docker run -dit --name my-running-app -p 8080:80 my-apache2\r\nsudo docker container ps\r\ncd ..\r\nsudo curl -L \"https://github.com/docker/compose/releases/download/1.26.0/docker-compose-$(uname -s)-$(uname -m)\" -o /usr/local/bin/docker-compose\r\nsudo chmod +x /usr/local/bin/docker-compose\r\nsudo docker-compose --version\r\nsudo mkdir dk_wordpress\r\ncd dk_wordpress/\r\nsudo bash -c 'cat \u003c\u003cEOT \u003e\u003e docker-compose.yml\r\nversion: \"3.1\"\r\nservices:  \r\n  wordpress:\r\n    depends_on:\r\n      - db\r\n    image: wordpress:latest\r\n    volumes:\r\n      - wordpress_data:/var/www/html\r\n    ports:\r\n      - \"80:80\"\r\n    restart: always\r\n    environment:\r\n      WORDPRESS_DB_HOST: db\r\n      WORDPRESS_DB_USER: wordpress\r\n      WORDPRESS_DB_PASSWORD: wordpress\r\n      WORDPRESS_DB_NAME: wordpress\r\n  db:\r\n    image: mysql:5.7\r\n    volumes:\r\n      - db_data:/var/lib/mysql\r\n    restart: always\r\n    environment:\r\n      MYSQL_ROOT_PASSWORD: somewordpress\r\n      MYSQL_DATABASE: wordpress\r\n      MYSQL_USER: wordpress\r\n      MYSQL_PASSWORD: wordpress  \r\nvolumes:\r\n  db_data: {}\r\n  wordpress_data: {}\r\nEOT'\r\n ",
            "vars": null
          }
        }
      ]
    },
    {
      "module": "module.vpc",
      "mode": "managed",
      "type": "aws_eip",
      "name": "nat_eip",
      "provider": "provider.aws",
      "instances": [
        {
          "schema_version": 0,
          "attributes": {
            "address": null,
            "allocation_id": "eipalloc-01658e37e252c7efe",
            "associate_with_private_ip": null,
            "association_id": "eipassoc-090ea1dd4eb7cfe4d",
            "carrier_ip": "",
            "customer_owned_ip": "",
            "customer_owned_ipv4_pool": "",
            "domain": "vpc",
            "id": "eipalloc-01658e37e252c7efe",
            "instance": "",
            "network_border_group": "us-east-1",
            "network_interface": "eni-02f900be5e3494c79",
            "private_dns": "ip-10-0-1-122.ec2.internal",
            "private_ip": "10.0.1.122",
            "public_dns": "ec2-44-197-64-221.compute-1.amazonaws.com",
            "public_ip": "44.197.64.221",
            "public_ipv4_pool": "amazon",
            "tags": {},
            "tags_all": {},
            "timeouts": null,
            "vpc": true
          },
          "private": "eyJlMmJmYjczMC1lY2FhLTExZTYtOGY4OC0zNDM2M2JjN2M0YzAiOnsiZGVsZXRlIjoxODAwMDAwMDAwMDAsInJlYWQiOjkwMDAwMDAwMDAwMCwidXBkYXRlIjozMDAwMDAwMDAwMDB9fQ=="
        }
      ]
    },
    {
      "mode": "managed",
      "type": "aws_instance",
      "name": "db_webserver",
      "provider": "provider.aws",
      "instances": [
        {
          "schema_version": 1,
          "attributes": {
            "ami": "ami-09d56f8956ab235b3",
            "arn": "arn:aws:ec2:us-east-1:639744955079:instance/i-042216ef5cf0b001b",
            "associate_public_ip_address": true,
            "availability_zone": "us-east-1a",
            "capacity_reservation_specification": [
              {
                "capacity_reservation_preference": "open",
                "capacity_reservation_target": []
              }
            ],
            "cpu_core_count": 1,
            "cpu_threads_per_core": 1,
            "credit_specification": [
              {
                "cpu_credits": "standard"
              }
            ],
            "disable_api_termination": false,
            "ebs_block_device": [],
            "ebs_optimized": false,
            "enclave_options": [
              {
                "enabled": false
              }
            ],
            "ephemeral_block_device": [],
            "get_password_data": false,
            "hibernation": false,
            "host_id": null,
            "iam_instance_profile": "",
            "id": "i-042216ef5cf0b001b",
            "instance_initiated_shutdown_behavior": "stop",
            "instance_state": "running",
            "instance_type": "t2.micro",
            "ipv6_address_count": 0,
            "ipv6_addresses": [],
            "key_name": "CCWEBSERVER",
            "launch_template": [],
            "maintenance_options": [
              {
                "auto_recovery": "default"
              }
            ],
            "metadata_options": [
              {
                "http_endpoint": "enabled",
                "http_put_response_hop_limit": 1,
                "http_tokens": "optional",
                "instance_metadata_tags": "disabled"
              }
            ],
            "monitoring": false,
            "network_interface": [],
            "outpost_arn": "",
            "password_data": "",
            "placement_group": "",
            "placement_partition_number": null,
            "primary_network_interface_id": "eni-0d13d092e859d8dfb",
            "private_dns": "ip-10-0-1-119.ec2.internal",
            "private_ip": "10.0.1.119",
            "public_dns": "ec2-18-209-58-21.compute-1.amazonaws.com",
            "public_ip": "18.209.58.21",
            "root_block_device": [
              {
                "delete_on_termination": true,
                "device_name": "/dev/sda1",
                "encrypted": false,
                "iops": 100,
                "kms_key_id": "",
                "tags": {
                  "Name": "DB-WebServer volume"
                },
                "throughput": 0,
                "volume_id": "vol-0debc4d93efa76db7",
                "volume_size": 8,
                "volume_type": "gp2"
              }
            ],
            "secondary_private_ips": [],
            "security_groups": [],
            "source_dest_check": true,
            "subnet_id": "subnet-0952ff3ed915373a6",
            "tags": {
              "Name": "DB-WebServer"
            },
            "tags_all": {
              "Name": "DB-WebServer"
            },
            "tenancy": "default",
            "timeouts": null,
            "user_data": "81d7043bc267036cd71e59385d579eb3b8272222",
            "user_data_base64": null,
            "user_data_replace_on_change": false,
            "volume_tags": null,
            "vpc_security_group_ids": [
              "sg-08c209dd4386f48c2"
            ]
          },
          "private": "eyJlMmJmYjczMC1lY2FhLTExZTYtOGY4OC0zNDM2M2JjN2M0YzAiOnsiY3JlYXRlIjo2MDAwMDAwMDAwMDAsImRlbGV0ZSI6MTIwMDAwMDAwMDAwMCwidXBkYXRlIjo2MDAwMDAwMDAwMDB9LCJzY2hlbWFfdmVyc2lvbiI6IjEifQ==",
          "dependencies": [
            "aws_key_pair.ec2_key_pair",
            "aws_security_group.sg_web",
            "module.vpc.aws_subnet.public_subnet",
            "module.vpc.aws_vpc.vpc"
          ]
        }
      ]
    },
    {
      "module": "module.vpc",
      "mode": "managed",
      "type": "aws_internet_gateway",
      "name": "igw",
      "provider": "provider.aws",
      "instances": [
        {
          "schema_version": 0,
          "attributes": {
            "arn": "arn:aws:ec2:us-east-1:639744955079:internet-gateway/igw-05e79e0493a5ba53a",
            "id": "igw-05e79e0493a5ba53a",
            "owner_id": "639744955079",
            "tags": {
              "Name": "LabVPC IGW"
            },
            "tags_all": {
              "Name": "LabVPC IGW"
            },
            "vpc_id": "vpc-0529b3f913dba4ba0"
          },
          "private": "bnVsbA==",
          "dependencies": [
            "module.vpc.aws_vpc.vpc"
          ]
        }
      ]
    },
    {
      "mode": "managed",
      "type": "aws_key_pair",
      "name": "ec2_key_pair",
      "provider": "provider.aws",
      "instances": [
        {
          "schema_version": 1,
          "attributes": {
            "arn": "arn:aws:ec2:us-east-1:639744955079:key-pair/CCWEBSERVER",
            "fingerprint": "71:74:5b:46:20:7d:69:87:cf:40:c9:99:16:98:31:7a",
            "id": "CCWEBSERVER",
            "key_name": "CCWEBSERVER",
            "key_name_prefix": "",
            "key_pair_id": "key-000df1b73b31cb802",
            "public_key": "ssh-rsa AAAAB3NzaC1yc2EAAAADAQABAAABAQC3AKPgkDu9v9oqGWasJ0UA/1XhlzlUvK/8Xr90Y1cLuoNv3HxcOjtNqdeTmDjK2BQ9AL7Kpk9ZhTmIBwVDr77kOSTLXwv+WWf8hpboZoLBekb4bIqt41M/ruAHpVcRq9fza0em6qmZTrzowwDeV236HZEIx6IlfAv4RKzFnxQlxYjUFVs97Ogc3fLr0udZSjlD7x8GToccOxBWC2bcdL4Q15n4tc7zI8GnNJYAEtjCWOX5tZbQyb24B7pfx7tGWv1F+n3jKTCltfoX8redkwtuaJSxeKLCLZNihR9RbOpYwX5tUotIjPbqVXJgUTGiu+gQqDKqOEmtTmvHvNoe+9+z",
            "tags": {},
            "tags_all": {}
          },
          "private": "eyJzY2hlbWFfdmVyc2lvbiI6IjEifQ=="
        }
      ]
    },
    {
      "module": "module.vpc",
      "mode": "managed",
      "type": "aws_nat_gateway",
      "name": "nat_gateway",
      "provider": "provider.aws",
      "instances": [
        {
          "schema_version": 0,
          "attributes": {
            "allocation_id": "eipalloc-01658e37e252c7efe",
            "connectivity_type": "public",
            "id": "nat-0aaeb29aa76421166",
            "network_interface_id": "eni-02f900be5e3494c79",
            "private_ip": "10.0.1.122",
            "public_ip": "44.197.64.221",
            "subnet_id": "subnet-0952ff3ed915373a6",
            "tags": {
              "Name": "Public NAT GW"
            },
            "tags_all": {
              "Name": "Public NAT GW"
            }
          },
          "private": "bnVsbA==",
          "dependencies": [
            "module.vpc.aws_eip.nat_eip",
            "module.vpc.aws_subnet.public_subnet",
            "module.vpc.aws_vpc.vpc"
          ]
        }
      ]
    },
    {
      "module": "module.vpc",
      "mode": "managed",
      "type": "aws_route",
      "name": "natgw_rt",
      "provider": "provider.aws",
      "instances": [
        {
          "schema_version": 0,
          "attributes": {
            "carrier_gateway_id": "",
            "core_network_arn": "",
            "destination_cidr_block": "0.0.0.0/0",
            "destination_ipv6_cidr_block": "",
            "destination_prefix_list_id": "",
            "egress_only_gateway_id": "",
            "gateway_id": "",
            "id": "r-rtb-0d461e7c0b92f8fe41080289494",
            "instance_id": "",
            "instance_owner_id": "",
            "local_gateway_id": "",
            "nat_gateway_id": "nat-0aaeb29aa76421166",
            "network_interface_id": "",
            "origin": "CreateRoute",
            "route_table_id": "rtb-0d461e7c0b92f8fe4",
            "state": "active",
            "timeouts": null,
            "transit_gateway_id": "",
            "vpc_endpoint_id": "",
            "vpc_peering_connection_id": ""
          },
          "private": "eyJlMmJmYjczMC1lY2FhLTExZTYtOGY4OC0zNDM2M2JjN2M0YzAiOnsiY3JlYXRlIjozMDAwMDAwMDAwMDAsImRlbGV0ZSI6MzAwMDAwMDAwMDAwLCJ1cGRhdGUiOjEyMDAwMDAwMDAwMH19",
          "dependencies": [
            "module.vpc.aws_eip.nat_eip",
            "module.vpc.aws_nat_gateway.nat_gateway",
            "module.vpc.aws_route_table.private_rt",
            "module.vpc.aws_subnet.public_subnet",
            "module.vpc.aws_vpc.vpc"
          ]
        }
      ]
    },
    {
      "module": "module.vpc",
      "mode": "managed",
      "type": "aws_route",
      "name": "public_internet_gateway",
      "provider": "provider.aws",
      "instances": [
        {
          "schema_version": 0,
          "attributes": {
            "carrier_gateway_id": "",
            "core_network_arn": "",
            "destination_cidr_block": "0.0.0.0/0",
            "destination_ipv6_cidr_block": "",
            "destination_prefix_list_id": "",
            "egress_only_gateway_id": "",
            "gateway_id": "igw-05e79e0493a5ba53a",
            "id": "r-rtb-083fd3c34c0ba3f691080289494",
            "instance_id": "",
            "instance_owner_id": "",
            "local_gateway_id": "",
            "nat_gateway_id": "",
            "network_interface_id": "",
            "origin": "CreateRoute",
            "route_table_id": "rtb-083fd3c34c0ba3f69",
            "state": "active",
            "timeouts": null,
            "transit_gateway_id": "",
            "vpc_endpoint_id": "",
            "vpc_peering_connection_id": ""
          },
          "private": "eyJlMmJmYjczMC1lY2FhLTExZTYtOGY4OC0zNDM2M2JjN2M0YzAiOnsiY3JlYXRlIjozMDAwMDAwMDAwMDAsImRlbGV0ZSI6MzAwMDAwMDAwMDAwLCJ1cGRhdGUiOjEyMDAwMDAwMDAwMH19",
          "dependencies": [
            "module.vpc.aws_internet_gateway.igw",
            "module.vpc.aws_route_table.public_rt",
            "module.vpc.aws_vpc.vpc"
          ]
        }
      ]
    },
    {
      "module": "module.vpc",
      "mode": "managed",
      "type": "aws_route_table",
      "name": "private_rt",
      "provider": "provider.aws",
      "instances": [
        {
          "schema_version": 0,
          "attributes": {
            "arn": "arn:aws:ec2:us-east-1:639744955079:route-table/rtb-0d461e7c0b92f8fe4",
            "id": "rtb-0d461e7c0b92f8fe4",
            "owner_id": "639744955079",
            "propagating_vgws": [],
            "route": [
              {
                "carrier_gateway_id": "",
                "cidr_block": "0.0.0.0/0",
                "core_network_arn": "",
                "destination_prefix_list_id": "",
                "egress_only_gateway_id": "",
                "gateway_id": "",
                "instance_id": "",
                "ipv6_cidr_block": "",
                "local_gateway_id": "",
                "nat_gateway_id": "nat-0aaeb29aa76421166",
                "network_interface_id": "",
                "transit_gateway_id": "",
                "vpc_endpoint_id": "",
                "vpc_peering_connection_id": ""
              }
            ],
            "tags": {
              "Name": "Private Route Table"
            },
            "tags_all": {
              "Name": "Private Route Table"
            },
            "timeouts": null,
            "vpc_id": "vpc-0529b3f913dba4ba0"
          },
          "private": "eyJlMmJmYjczMC1lY2FhLTExZTYtOGY4OC0zNDM2M2JjN2M0YzAiOnsiY3JlYXRlIjozMDAwMDAwMDAwMDAsImRlbGV0ZSI6MzAwMDAwMDAwMDAwLCJ1cGRhdGUiOjEyMDAwMDAwMDAwMH19",
          "dependencies": [
            "module.vpc.aws_vpc.vpc"
          ]
        }
      ]
    },
    {
      "module": "module.vpc",
      "mode": "managed",
      "type": "aws_route_table",
      "name": "public_rt",
      "provider": "provider.aws",
      "instances": [
        {
          "schema_version": 0,
          "attributes": {
            "arn": "arn:aws:ec2:us-east-1:639744955079:route-table/rtb-083fd3c34c0ba3f69",
            "id": "rtb-083fd3c34c0ba3f69",
            "owner_id": "639744955079",
            "propagating_vgws": [],
            "route": [
              {
                "carrier_gateway_id": "",
                "cidr_block": "0.0.0.0/0",
                "core_network_arn": "",
                "destination_prefix_list_id": "",
                "egress_only_gateway_id": "",
                "gateway_id": "igw-05e79e0493a5ba53a",
                "instance_id": "",
                "ipv6_cidr_block": "",
                "local_gateway_id": "",
                "nat_gateway_id": "",
                "network_interface_id": "",
                "transit_gateway_id": "",
                "vpc_endpoint_id": "",
                "vpc_peering_connection_id": ""
              }
            ],
            "tags": {
              "Name": "Public Route Table"
            },
            "tags_all": {
              "Name": "Public Route Table"
            },
            "timeouts": null,
            "vpc_id": "vpc-0529b3f913dba4ba0"
          },
          "private": "eyJlMmJmYjczMC1lY2FhLTExZTYtOGY4OC0zNDM2M2JjN2M0YzAiOnsiY3JlYXRlIjozMDAwMDAwMDAwMDAsImRlbGV0ZSI6MzAwMDAwMDAwMDAwLCJ1cGRhdGUiOjEyMDAwMDAwMDAwMH19",
          "dependencies": [
            "module.vpc.aws_vpc.vpc"
          ]
        }
      ]
    },
    {
      "module": "module.vpc",
      "mode": "managed",
      "type": "aws_route_table_association",
      "name": "private",
      "provider": "provider.aws",
      "instances": [
        {
          "schema_version": 0,
          "attributes": {
            "gateway_id": "",
            "id": "rtbassoc-036031d27b1f3d838",
            "route_table_id": "rtb-0d461e7c0b92f8fe4",
            "subnet_id": "subnet-0133c03ad9587a91e"
          },
          "private": "bnVsbA==",
          "dependencies": [
            "module.vpc.aws_route_table.private_rt",
            "module.vpc.aws_subnet.private_subnet",
            "module.vpc.aws_vpc.vpc"
          ]
        }
      ]
    },
    {
      "module": "module.vpc",
      "mode": "managed",
      "type": "aws_route_table_association",
      "name": "public",
      "provider": "provider.aws",
      "instances": [
        {
          "schema_version": 0,
          "attributes": {
            "gateway_id": "",
            "id": "rtbassoc-0d923afc1b71c9a78",
            "route_table_id": "rtb-083fd3c34c0ba3f69",
            "subnet_id": "subnet-0952ff3ed915373a6"
          },
          "private": "bnVsbA==",
          "dependencies": [
            "module.vpc.aws_route_table.public_rt",
            "module.vpc.aws_subnet.public_subnet",
            "module.vpc.aws_vpc.vpc"
          ]
        }
      ]
    },
    {
      "mode": "managed",
      "type": "aws_security_group",
      "name": "sg_web",
      "provider": "provider.aws",
      "instances": [
        {
          "schema_version": 1,
          "attributes": {
            "arn": "arn:aws:ec2:us-east-1:639744955079:security-group/sg-08c209dd4386f48c2",
            "description": "Enable HTTP Access",
            "egress": [
              {
                "cidr_blocks": [
                  "0.0.0.0/0"
                ],
                "description": "",
                "from_port": 0,
                "ipv6_cidr_blocks": [],
                "prefix_list_ids": [],
                "protocol": "-1",
                "security_groups": [],
                "self": false,
                "to_port": 0
              }
            ],
            "id": "sg-08c209dd4386f48c2",
            "ingress": [
              {
                "cidr_blocks": [
                  "0.0.0.0/0"
                ],
                "description": "Permit Web Requests",
                "from_port": 8080,
                "ipv6_cidr_blocks": [],
                "prefix_list_ids": [],
                "protocol": "tcp",
                "security_groups": [],
                "self": false,
                "to_port": 8080
              },
              {
                "cidr_blocks": [
                  "0.0.0.0/0"
                ],
                "description": "Permit Web Requests",
                "from_port": 80,
                "ipv6_cidr_blocks": [],
                "prefix_list_ids": [],
                "protocol": "tcp",
                "security_groups": [],
                "self": false,
                "to_port": 80
              },
              {
                "cidr_blocks": [
                  "181.58.38.65/32"
                ],
                "description": "Allow inbound SSH access",
                "from_port": 22,
                "ipv6_cidr_blocks": [],
                "prefix_list_ids": [],
                "protocol": "tcp",
                "security_groups": [],
                "self": false,
                "to_port": 22
              }
            ],
            "name": "SG-Web",
            "name_prefix": "",
            "owner_id": "639744955079",
            "revoke_rules_on_delete": false,
            "tags": {
              "Name": "SG-Web"
            },
            "tags_all": {
              "Name": "SG-Web"
            },
            "timeouts": null,
            "vpc_id": "vpc-0529b3f913dba4ba0"
          },
          "private": "eyJlMmJmYjczMC1lY2FhLTExZTYtOGY4OC0zNDM2M2JjN2M0YzAiOnsiY3JlYXRlIjo2MDAwMDAwMDAwMDAsImRlbGV0ZSI6OTAwMDAwMDAwMDAwfSwic2NoZW1hX3ZlcnNpb24iOiIxIn0=",
          "dependencies": [
            "module.vpc.aws_vpc.vpc"
          ]
        }
      ]
    },
    {
      "module": "module.vpc",
      "mode": "managed",
      "type": "aws_subnet",
      "name": "private_subnet",
      "provider": "provider.aws",
      "instances": [
        {
          "schema_version": 1,
          "attributes": {
            "arn": "arn:aws:ec2:us-east-1:639744955079:subnet/subnet-0133c03ad9587a91e",
            "assign_ipv6_address_on_creation": false,
            "availability_zone": "us-east-1a",
            "availability_zone_id": "use1-az4",
            "cidr_block": "10.0.2.0/24",
            "customer_owned_ipv4_pool": "",
            "enable_dns64": false,
            "enable_resource_name_dns_a_record_on_launch": false,
            "enable_resource_name_dns_aaaa_record_on_launch": false,
            "id": "subnet-0133c03ad9587a91e",
            "ipv6_cidr_block": "",
            "ipv6_cidr_block_association_id": "",
            "ipv6_native": false,
            "map_customer_owned_ip_on_launch": false,
            "map_public_ip_on_launch": false,
            "outpost_arn": "",
            "owner_id": "639744955079",
            "private_dns_hostname_type_on_launch": "ip-name",
            "tags": {
              "Name": "Private Subnet 1"
            },
            "tags_all": {
              "Name": "Private Subnet 1"
            },
            "timeouts": null,
            "vpc_id": "vpc-0529b3f913dba4ba0"
          },
          "private": "eyJlMmJmYjczMC1lY2FhLTExZTYtOGY4OC0zNDM2M2JjN2M0YzAiOnsiY3JlYXRlIjo2MDAwMDAwMDAwMDAsImRlbGV0ZSI6MTIwMDAwMDAwMDAwMH0sInNjaGVtYV92ZXJzaW9uIjoiMSJ9",
          "dependencies": [
            "module.vpc.aws_vpc.vpc"
          ]
        }
      ]
    },
    {
      "module": "module.vpc",
      "mode": "managed",
      "type": "aws_subnet",
      "name": "public_subnet",
      "provider": "provider.aws",
      "instances": [
        {
          "schema_version": 1,
          "attributes": {
            "arn": "arn:aws:ec2:us-east-1:639744955079:subnet/subnet-0952ff3ed915373a6",
            "assign_ipv6_address_on_creation": false,
            "availability_zone": "us-east-1a",
            "availability_zone_id": "use1-az4",
            "cidr_block": "10.0.1.0/24",
            "customer_owned_ipv4_pool": "",
            "enable_dns64": false,
            "enable_resource_name_dns_a_record_on_launch": false,
            "enable_resource_name_dns_aaaa_record_on_launch": false,
            "id": "subnet-0952ff3ed915373a6",
            "ipv6_cidr_block": "",
            "ipv6_cidr_block_association_id": "",
            "ipv6_native": false,
            "map_customer_owned_ip_on_launch": false,
            "map_public_ip_on_launch": true,
            "outpost_arn": "",
            "owner_id": "639744955079",
            "private_dns_hostname_type_on_launch": "ip-name",
            "tags": {
              "Name": "Public Subnet 1"
            },
            "tags_all": {
              "Name": "Public Subnet 1"
            },
            "timeouts": null,
            "vpc_id": "vpc-0529b3f913dba4ba0"
          },
          "private": "eyJlMmJmYjczMC1lY2FhLTExZTYtOGY4OC0zNDM2M2JjN2M0YzAiOnsiY3JlYXRlIjo2MDAwMDAwMDAwMDAsImRlbGV0ZSI6MTIwMDAwMDAwMDAwMH0sInNjaGVtYV92ZXJzaW9uIjoiMSJ9",
          "dependencies": [
            "module.vpc.aws_vpc.vpc"
          ]
        }
      ]
    },
    {
      "module": "module.vpc",
      "mode": "managed",
      "type": "aws_vpc",
      "name": "vpc",
      "provider": "provider.aws",
      "instances": [
        {
          "schema_version": 1,
          "attributes": {
            "arn": "arn:aws:ec2:us-east-1:639744955079:vpc/vpc-0529b3f913dba4ba0",
            "assign_generated_ipv6_cidr_block": false,
            "cidr_block": "10.0.0.0/16",
            "default_network_acl_id": "acl-00f144d5f12642b8c",
            "default_route_table_id": "rtb-099e99fce0a09f2a6",
            "default_security_group_id": "sg-06492a62b7cf15125",
            "dhcp_options_id": "dopt-05b84e4163606be3f",
            "enable_classiclink": false,
            "enable_classiclink_dns_support": false,
            "enable_dns_hostnames": true,
            "enable_dns_support": true,
            "id": "vpc-0529b3f913dba4ba0",
            "instance_tenancy": "default",
            "ipv4_ipam_pool_id": null,
            "ipv4_netmask_length": null,
            "ipv6_association_id": "",
            "ipv6_cidr_block": "",
            "ipv6_cidr_block_network_border_group": "",
            "ipv6_ipam_pool_id": "",
            "ipv6_netmask_length": 0,
            "main_route_table_id": "rtb-099e99fce0a09f2a6",
            "owner_id": "639744955079",
            "tags": {
              "Name": "MyLabVPC"
            },
            "tags_all": {
              "Name": "MyLabVPC"
            }
          },
          "private": "eyJzY2hlbWFfdmVyc2lvbiI6IjEifQ=="
        }
      ]
    }
  ]
}
